
Microsoft Visual Studio Solution File, Format Version 12.00
# Visual Studio 15
VisualStudioVersion = 15.0.28307.168
MinimumVisualStudioVersion = 10.0.40219.1
Project("{FAE04EC0-301F-11D3-BF4B-00C04F79EFBC}") = "WindowsFormsApp3", "WindowsFormsApp3\WindowsFormsApp3.csproj", "{A6D72791-C1A8-42DB-8AC6-21F838A1AE61}"
EndProject
Global
	GlobalSection(SolutionConfigurationPlatforms) = preSolution
		Debug|Any CPU = Debug|Any CPU
		Release|Any CPU = Release|Any CPU
	EndGlobalSection
	GlobalSection(ProjectConfigurationPlatforms) = postSolution
		{A6D72791-C1A8-42DB-8AC6-21F838A1AE61}.Debug|Any CPU.ActiveCfg = Debug|Any CPU
		{A6D72791-C1A8-42DB-8AC6-21F838A1AE61}.Debug|Any CPU.Build.0 = Debug|Any CPU
		{A6D72791-C1A8-42DB-8AC6-21F838A1AE61}.Release|Any CPU.ActiveCfg = Release|Any CPU
		{A6D72791-C1A8-42DB-8AC6-21F838A1AE61}.Release|Any CPU.Build.0 = Release|Any CPU
	EndGlobalSection
	GlobalSection(SolutionProperties) = preSolution
		HideSolutionNode = FALSE
	EndGlobalSection
	GlobalSection(ExtensibilityGlobals) = postSolution
		SolutionGuid = {318F9B17-AE94-4610-ABC5-349CC5EF6889}
	EndGlobalSection
EndGlobal
